# auto-generated by grc.converter

id: bluetooth_single_sniffer
label: Bluetooth Single Sniffer
category: '[Bluetooth]'

parameters:
-   id: sample_rate
    label: Sample Rate
    dtype: int 
    default: samp_rate
-   id: center_freq
    label: Center Frequency
    dtype: int 
    default: '2476000000'

inputs:
-   domain: stream
    dtype: complex

templates:
    imports: import gr_bluetooth
    make: gr_bluetooth.single_sniffer(${sample_rate}, ${center_freq})

file_format: 1
