# auto-generated by grc.converter

id: bluetooth_no_filter_sniffer
label: Bluetooth No Filter Sniffer
category: '[Bluetooth]'

parameters:
-   id: sample_rate
    label: Sample Rate
    dtype: int 
    default: samp_rate
-   id: center_freq
    label: Center Frequency
    dtype: int 
    default: '2476000000'

inputs:
-   domain: stream
    dtype: byte

templates:
    imports: import gr_bluetooth
    make: gr_bluetooth.no_filter_sniffer(${sample_rate}, ${center_freq})

file_format: 1
