# auto-generated by grc.converter

id: bluetooth_multi_UAP
label: Bluetooth Multi UAP
category: '[Bluetooth]'

parameters:
-   id: sample_rate
    label: Sample Rate
    dtype: int 
    default: samp_rate
-   id: center_freq
    label: Center Frequency
    dtype: int 
    default: '2476000000'
-   id: squelch_threshold
    label: Squelch Threshold
    dtype: int 
    default: '10'
-   id: lap
    label: LAP
    dtype: int

inputs:
-   domain: stream
    dtype: complex

templates:
    imports: import gr_bluetooth
    make: gr_bluetooth.multi_UAP(${sample_rate}, ${center_freq}, ${squelch_threshold}, ${LAP})

file_format: 1
